
Microsoft Visual Studio Solution File, Format Version 12.00
# Visual Studio Version 17
VisualStudioVersion = 17.3.32825.248
MinimumVisualStudioVersion = 10.0.40219.1
Project("{FAE04EC0-301F-11D3-BF4B-00C04F79EFBC}") = "ElasticNestClient.WindowsFormsApp", "ElasticNestClient.WindowsFormsApp\ElasticNestClient.WindowsFormsApp.csproj", "{A87014D2-59A1-4FA0-9F2A-CABFA2E6B1DD}"
EndProject
Global
	GlobalSection(SolutionConfigurationPlatforms) = preSolution
		Debug|Any CPU = Debug|Any CPU
		Release|Any CPU = Release|Any CPU
	EndGlobalSection
	GlobalSection(ProjectConfigurationPlatforms) = postSolution
		{A87014D2-59A1-4FA0-9F2A-CABFA2E6B1DD}.Debug|Any CPU.ActiveCfg = Debug|Any CPU
		{A87014D2-59A1-4FA0-9F2A-CABFA2E6B1DD}.Debug|Any CPU.Build.0 = Debug|Any CPU
		{A87014D2-59A1-4FA0-9F2A-CABFA2E6B1DD}.Release|Any CPU.ActiveCfg = Release|Any CPU
		{A87014D2-59A1-4FA0-9F2A-CABFA2E6B1DD}.Release|Any CPU.Build.0 = Release|Any CPU
	EndGlobalSection
	GlobalSection(SolutionProperties) = preSolution
		HideSolutionNode = FALSE
	EndGlobalSection
	GlobalSection(ExtensibilityGlobals) = postSolution
		SolutionGuid = {8BEFB546-2AA9-4F0B-BC30-A5B333131299}
	EndGlobalSection
EndGlobal
